<?xml version="1.0" encoding="utf-8"?>
<Project ToolsVersion="4.0" xmlns="http://schemas.microsoft.com/developer/msbuild/2003">
  <ItemGroup>
    <Filter Include="Source Files">
      <UniqueIdentifier>{4FC737F1-C7A5-4376-A066-2A32D752A2FF}</UniqueIdentifier>
      <Extensions>cpp;c;cc;cxx;c++;cppm;ixx;def;odl;idl;hpj;bat;asm;asmx</Extensions>
    </Filter>
    <Filter Include="Head Files">
      <UniqueIdentifier>{93995380-89BD-4b04-88EB-625FBE52EBFB}</UniqueIdentifier>
      <Extensions>h;hh;hpp;hxx;h++;hm;inl;inc;ipp;xsd</Extensions>
    </Filter>
    <Filter Include="Head Files\pipe">
      <UniqueIdentifier>{340e5829-1394-41ac-9a1a-62295fce3051}</UniqueIdentifier>
    </Filter>
    <Filter Include="Source Files\pipe">
      <UniqueIdentifier>{a82c660d-9535-4ae7-abda-eeb44162e2aa}</UniqueIdentifier>
    </Filter>
    <Filter Include="Head Files\il2cpp">
      <UniqueIdentifier>{7d1a4c66-f61c-4d64-8de5-df60e374dd6e}</UniqueIdentifier>
    </Filter>
  </ItemGroup>
  <ItemGroup>
    <ClCompile Include="src\dllmain.cpp">
      <Filter>Source Files</Filter>
    </ClCompile>
    <ClCompile Include="src\pipe\PipeClient.cpp">
      <Filter>Source Files\pipe</Filter>
    </ClCompile>
    <ClCompile Include="src\pipe\PipeTransfer.cpp">
      <Filter>Source Files\pipe</Filter>
    </ClCompile>
    <ClCompile Include="src\il2cpp.cpp">
      <Filter>Source Files</Filter>
    </ClCompile>
    <ClCompile Include="src\utils.cpp">
      <Filter>Source Files</Filter>
    </ClCompile>
    <ClCompile Include="src\PipeMessage.cpp">
      <Filter>Source Files</Filter>
    </ClCompile>
  </ItemGroup>
  <ItemGroup>
    <ClInclude Include="src\export.h">
      <Filter>Head Files</Filter>
    </ClInclude>
    <ClInclude Include="src\pipe\PipeClient.h">
      <Filter>Head Files\pipe</Filter>
    </ClInclude>
    <ClInclude Include="src\pipe\PipeTransfer.h">
      <Filter>Head Files\pipe</Filter>
    </ClInclude>
    <ClInclude Include="src\il2cpp.h">
      <Filter>Head Files</Filter>
    </ClInclude>
    <ClInclude Include="src\il2cpp\il2cpp-offsets.h">
      <Filter>Head Files\il2cpp</Filter>
    </ClInclude>
    <ClInclude Include="src\il2cpp\il2cpp-types.h">
      <Filter>Head Files\il2cpp</Filter>
    </ClInclude>
    <ClInclude Include="src\utils.h">
      <Filter>Head Files</Filter>
    </ClInclude>
    <ClInclude Include="src\PipeMessage.h">
      <Filter>Head Files</Filter>
    </ClInclude>
  </ItemGroup>
</Project>